
Microsoft Visual Studio Solution File, Format Version 12.00
# Visual Studio Version 18
VisualStudioVersion = 18.2.11408.102
MinimumVisualStudioVersion = 10.0.40219.1
Project("{FAE04EC0-301F-11D3-BF4B-00C04F79EFBC}") = "SIQuester.ViewModel", "src\SIQuester\SIQuester.ViewModel\SIQuester.ViewModel.csproj", "{31A9D1F7-129F-4D75-8DC2-C41A70CDB095}"
EndProject
Project("{FAE04EC0-301F-11D3-BF4B-00C04F79EFBC}") = "SIQuester.Avalonia", "src\SIQuester\SIQuester.Avalonia\SIQuester.Avalonia.csproj", "{D07AF71B-F1DC-4D9D-B97B-1FB86EC6FAD8}"
EndProject
Project("{FAE04EC0-301F-11D3-BF4B-00C04F79EFBC}") = "SIQuester.Desktop", "src\SIQuester\SIQuester.Desktop\SIQuester.Desktop.csproj", "{427B2B96-43A8-4E72-AB91-1F13B951C8F8}"
EndProject
Project("{FAE04EC0-301F-11D3-BF4B-00C04F79EFBC}") = "SIPackages.Tests", "test\Common\SIPackages.Tests\SIPackages.Tests.csproj", "{72F2F97C-D60C-46F8-A17A-49DA107A6CF6}"
EndProject
Project("{FAE04EC0-301F-11D3-BF4B-00C04F79EFBC}") = "SIQuester.ViewModel.Tests", "test\SIQuester\SIQuester.ViewModel.Tests\SIQuester.ViewModel.Tests.csproj", "{86FA7EE3-1B87-4BF1-93CE-35B809571438}"
EndProject
Project("{FAE04EC0-301F-11D3-BF4B-00C04F79EFBC}") = "SIQuester.Avalonia.Tests", "test\SIQuester\SIQuester.Avalonia.Tests\SIQuester.Avalonia.Tests.csproj", "{487F87A6-5F6E-4D9F-9D9B-6314EC63886D}"
EndProject
Project("{FAE04EC0-301F-11D3-BF4B-00C04F79EFBC}") = "Notions", "src\Common\Notions\Notions.csproj", "{EF8877B4-9363-48DC-AB08-20ED6D85CFFB}"
EndProject
Project("{FAE04EC0-301F-11D3-BF4B-00C04F79EFBC}") = "SIEngine.Core", "src\Common\SIEngine.Core\SIEngine.Core.csproj", "{55274C88-B6F5-4396-A02B-7FE60ED0EF67}"
EndProject
Project("{FAE04EC0-301F-11D3-BF4B-00C04F79EFBC}") = "SIPackages", "src\Common\SIPackages\SIPackages.csproj", "{DCA0ECFE-D20C-4442-A421-3BB78B0DEF73}"
EndProject
Project("{FAE04EC0-301F-11D3-BF4B-00C04F79EFBC}") = "SIStorageService.ViewModel", "src\Common\SIStorageService.ViewModel\SIStorageService.ViewModel.csproj", "{0BD14D9C-C694-4B01-997C-06C0BCCDC22F}"
EndProject
Project("{FAE04EC0-301F-11D3-BF4B-00C04F79EFBC}") = "Utils", "src\Common\Utils\Utils.csproj", "{0A0CA33A-4A07-4A64-934B-43D9E10C39A1}"
EndProject
Project("{FAE04EC0-301F-11D3-BF4B-00C04F79EFBC}") = "QTxtConverter", "src\SIQuester\QTxtConverter\QTxtConverter.csproj", "{85A285D2-F70E-439D-B601-CC08BFC165BA}"
EndProject
Global
	GlobalSection(SolutionConfigurationPlatforms) = preSolution
		Debug|Any CPU = Debug|Any CPU
		Debug|x64 = Debug|x64
		Debug|x86 = Debug|x86
		Release|Any CPU = Release|Any CPU
		Release|x64 = Release|x64
		Release|x86 = Release|x86
	EndGlobalSection
	GlobalSection(ProjectConfigurationPlatforms) = postSolution
		{31A9D1F7-129F-4D75-8DC2-C41A70CDB095}.Debug|Any CPU.ActiveCfg = Debug|Any CPU
		{31A9D1F7-129F-4D75-8DC2-C41A70CDB095}.Debug|Any CPU.Build.0 = Debug|Any CPU
		{31A9D1F7-129F-4D75-8DC2-C41A70CDB095}.Debug|x64.ActiveCfg = Debug|Any CPU
		{31A9D1F7-129F-4D75-8DC2-C41A70CDB095}.Debug|x64.Build.0 = Debug|Any CPU
		{31A9D1F7-129F-4D75-8DC2-C41A70CDB095}.Debug|x86.ActiveCfg = Debug|Any CPU
		{31A9D1F7-129F-4D75-8DC2-C41A70CDB095}.Debug|x86.Build.0 = Debug|Any CPU
		{31A9D1F7-129F-4D75-8DC2-C41A70CDB095}.Release|Any CPU.ActiveCfg = Release|Any CPU
		{31A9D1F7-129F-4D75-8DC2-C41A70CDB095}.Release|Any CPU.Build.0 = Release|Any CPU
		{31A9D1F7-129F-4D75-8DC2-C41A70CDB095}.Release|x64.ActiveCfg = Release|Any CPU
		{31A9D1F7-129F-4D75-8DC2-C41A70CDB095}.Release|x64.Build.0 = Release|Any CPU
		{31A9D1F7-129F-4D75-8DC2-C41A70CDB095}.Release|x86.ActiveCfg = Release|Any CPU
		{31A9D1F7-129F-4D75-8DC2-C41A70CDB095}.Release|x86.Build.0 = Release|Any CPU
		{D07AF71B-F1DC-4D9D-B97B-1FB86EC6FAD8}.Debug|Any CPU.ActiveCfg = Debug|Any CPU
		{D07AF71B-F1DC-4D9D-B97B-1FB86EC6FAD8}.Debug|Any CPU.Build.0 = Debug|Any CPU
		{D07AF71B-F1DC-4D9D-B97B-1FB86EC6FAD8}.Debug|x64.ActiveCfg = Debug|Any CPU
		{D07AF71B-F1DC-4D9D-B97B-1FB86EC6FAD8}.Debug|x64.Build.0 = Debug|Any CPU
		{D07AF71B-F1DC-4D9D-B97B-1FB86EC6FAD8}.Debug|x86.ActiveCfg = Debug|Any CPU
		{D07AF71B-F1DC-4D9D-B97B-1FB86EC6FAD8}.Debug|x86.Build.0 = Debug|Any CPU
		{D07AF71B-F1DC-4D9D-B97B-1FB86EC6FAD8}.Release|Any CPU.ActiveCfg = Release|Any CPU
		{D07AF71B-F1DC-4D9D-B97B-1FB86EC6FAD8}.Release|Any CPU.Build.0 = Release|Any CPU
		{D07AF71B-F1DC-4D9D-B97B-1FB86EC6FAD8}.Release|x64.ActiveCfg = Release|Any CPU
		{D07AF71B-F1DC-4D9D-B97B-1FB86EC6FAD8}.Release|x64.Build.0 = Release|Any CPU
		{D07AF71B-F1DC-4D9D-B97B-1FB86EC6FAD8}.Release|x86.ActiveCfg = Release|Any CPU
		{D07AF71B-F1DC-4D9D-B97B-1FB86EC6FAD8}.Release|x86.Build.0 = Release|Any CPU
		{427B2B96-43A8-4E72-AB91-1F13B951C8F8}.Debug|Any CPU.ActiveCfg = Debug|Any CPU
		{427B2B96-43A8-4E72-AB91-1F13B951C8F8}.Debug|Any CPU.Build.0 = Debug|Any CPU
		{427B2B96-43A8-4E72-AB91-1F13B951C8F8}.Debug|x64.ActiveCfg = Debug|Any CPU
		{427B2B96-43A8-4E72-AB91-1F13B951C8F8}.Debug|x64.Build.0 = Debug|Any CPU
		{427B2B96-43A8-4E72-AB91-1F13B951C8F8}.Debug|x86.ActiveCfg = Debug|Any CPU
		{427B2B96-43A8-4E72-AB91-1F13B951C8F8}.Debug|x86.Build.0 = Debug|Any CPU
		{427B2B96-43A8-4E72-AB91-1F13B951C8F8}.Release|Any CPU.ActiveCfg = Release|Any CPU
		{427B2B96-43A8-4E72-AB91-1F13B951C8F8}.Release|Any CPU.Build.0 = Release|Any CPU
		{427B2B96-43A8-4E72-AB91-1F13B951C8F8}.Release|x64.ActiveCfg = Release|Any CPU
		{427B2B96-43A8-4E72-AB91-1F13B951C8F8}.Release|x64.Build.0 = Release|Any CPU
		{427B2B96-43A8-4E72-AB91-1F13B951C8F8}.Release|x86.ActiveCfg = Release|Any CPU
		{427B2B96-43A8-4E72-AB91-1F13B951C8F8}.Release|x86.Build.0 = Release|Any CPU
		{72F2F97C-D60C-46F8-A17A-49DA107A6CF6}.Debug|Any CPU.ActiveCfg = Debug|Any CPU
		{72F2F97C-D60C-46F8-A17A-49DA107A6CF6}.Debug|Any CPU.Build.0 = Debug|Any CPU
		{72F2F97C-D60C-46F8-A17A-49DA107A6CF6}.Debug|x64.ActiveCfg = Debug|Any CPU
		{72F2F97C-D60C-46F8-A17A-49DA107A6CF6}.Debug|x64.Build.0 = Debug|Any CPU
		{72F2F97C-D60C-46F8-A17A-49DA107A6CF6}.Debug|x86.ActiveCfg = Debug|Any CPU
		{72F2F97C-D60C-46F8-A17A-49DA107A6CF6}.Debug|x86.Build.0 = Debug|Any CPU
		{72F2F97C-D60C-46F8-A17A-49DA107A6CF6}.Release|Any CPU.ActiveCfg = Release|Any CPU
		{72F2F97C-D60C-46F8-A17A-49DA107A6CF6}.Release|Any CPU.Build.0 = Release|Any CPU
		{72F2F97C-D60C-46F8-A17A-49DA107A6CF6}.Release|x64.ActiveCfg = Release|Any CPU
		{72F2F97C-D60C-46F8-A17A-49DA107A6CF6}.Release|x64.Build.0 = Release|Any CPU
		{72F2F97C-D60C-46F8-A17A-49DA107A6CF6}.Release|x86.ActiveCfg = Release|Any CPU
		{72F2F97C-D60C-46F8-A17A-49DA107A6CF6}.Release|x86.Build.0 = Release|Any CPU
		{86FA7EE3-1B87-4BF1-93CE-35B809571438}.Debug|Any CPU.ActiveCfg = Debug|Any CPU
		{86FA7EE3-1B87-4BF1-93CE-35B809571438}.Debug|Any CPU.Build.0 = Debug|Any CPU
		{86FA7EE3-1B87-4BF1-93CE-35B809571438}.Debug|x64.ActiveCfg = Debug|Any CPU
		{86FA7EE3-1B87-4BF1-93CE-35B809571438}.Debug|x64.Build.0 = Debug|Any CPU
		{86FA7EE3-1B87-4BF1-93CE-35B809571438}.Debug|x86.ActiveCfg = Debug|Any CPU
		{86FA7EE3-1B87-4BF1-93CE-35B809571438}.Debug|x86.Build.0 = Debug|Any CPU
		{86FA7EE3-1B87-4BF1-93CE-35B809571438}.Release|Any CPU.ActiveCfg = Release|Any CPU
		{86FA7EE3-1B87-4BF1-93CE-35B809571438}.Release|Any CPU.Build.0 = Release|Any CPU
		{86FA7EE3-1B87-4BF1-93CE-35B809571438}.Release|x64.ActiveCfg = Release|Any CPU
		{86FA7EE3-1B87-4BF1-93CE-35B809571438}.Release|x64.Build.0 = Release|Any CPU
		{86FA7EE3-1B87-4BF1-93CE-35B809571438}.Release|x86.ActiveCfg = Release|Any CPU
		{86FA7EE3-1B87-4BF1-93CE-35B809571438}.Release|x86.Build.0 = Release|Any CPU
		{487F87A6-5F6E-4D9F-9D9B-6314EC63886D}.Debug|Any CPU.ActiveCfg = Debug|Any CPU
		{487F87A6-5F6E-4D9F-9D9B-6314EC63886D}.Debug|Any CPU.Build.0 = Debug|Any CPU
		{487F87A6-5F6E-4D9F-9D9B-6314EC63886D}.Debug|x64.ActiveCfg = Debug|Any CPU
		{487F87A6-5F6E-4D9F-9D9B-6314EC63886D}.Debug|x64.Build.0 = Debug|Any CPU
		{487F87A6-5F6E-4D9F-9D9B-6314EC63886D}.Debug|x86.ActiveCfg = Debug|Any CPU
		{487F87A6-5F6E-4D9F-9D9B-6314EC63886D}.Debug|x86.Build.0 = Debug|Any CPU
		{487F87A6-5F6E-4D9F-9D9B-6314EC63886D}.Release|Any CPU.ActiveCfg = Release|Any CPU
		{487F87A6-5F6E-4D9F-9D9B-6314EC63886D}.Release|Any CPU.Build.0 = Release|Any CPU
		{487F87A6-5F6E-4D9F-9D9B-6314EC63886D}.Release|x64.ActiveCfg = Release|Any CPU
		{487F87A6-5F6E-4D9F-9D9B-6314EC63886D}.Release|x64.Build.0 = Release|Any CPU
		{487F87A6-5F6E-4D9F-9D9B-6314EC63886D}.Release|x86.ActiveCfg = Release|Any CPU
		{487F87A6-5F6E-4D9F-9D9B-6314EC63886D}.Release|x86.Build.0 = Release|Any CPU
		{EF8877B4-9363-48DC-AB08-20ED6D85CFFB}.Debug|Any CPU.ActiveCfg = Debug|Any CPU
		{EF8877B4-9363-48DC-AB08-20ED6D85CFFB}.Debug|Any CPU.Build.0 = Debug|Any CPU
		{EF8877B4-9363-48DC-AB08-20ED6D85CFFB}.Debug|x64.ActiveCfg = Debug|Any CPU
		{EF8877B4-9363-48DC-AB08-20ED6D85CFFB}.Debug|x64.Build.0 = Debug|Any CPU
		{EF8877B4-9363-48DC-AB08-20ED6D85CFFB}.Debug|x86.ActiveCfg = Debug|Any CPU
		{EF8877B4-9363-48DC-AB08-20ED6D85CFFB}.Debug|x86.Build.0 = Debug|Any CPU
		{EF8877B4-9363-48DC-AB08-20ED6D85CFFB}.Release|Any CPU.ActiveCfg = Release|Any CPU
		{EF8877B4-9363-48DC-AB08-20ED6D85CFFB}.Release|Any CPU.Build.0 = Release|Any CPU
		{EF8877B4-9363-48DC-AB08-20ED6D85CFFB}.Release|x64.ActiveCfg = Release|Any CPU
		{EF8877B4-9363-48DC-AB08-20ED6D85CFFB}.Release|x64.Build.0 = Release|Any CPU
		{EF8877B4-9363-48DC-AB08-20ED6D85CFFB}.Release|x86.ActiveCfg = Release|Any CPU
		{EF8877B4-9363-48DC-AB08-20ED6D85CFFB}.Release|x86.Build.0 = Release|Any CPU
		{55274C88-B6F5-4396-A02B-7FE60ED0EF67}.Debug|Any CPU.ActiveCfg = Debug|Any CPU
		{55274C88-B6F5-4396-A02B-7FE60ED0EF67}.Debug|Any CPU.Build.0 = Debug|Any CPU
		{55274C88-B6F5-4396-A02B-7FE60ED0EF67}.Debug|x64.ActiveCfg = Debug|Any CPU
		{55274C88-B6F5-4396-A02B-7FE60ED0EF67}.Debug|x64.Build.0 = Debug|Any CPU
		{55274C88-B6F5-4396-A02B-7FE60ED0EF67}.Debug|x86.ActiveCfg = Debug|Any CPU
		{55274C88-B6F5-4396-A02B-7FE60ED0EF67}.Debug|x86.Build.0 = Debug|Any CPU
		{55274C88-B6F5-4396-A02B-7FE60ED0EF67}.Release|Any CPU.ActiveCfg = Release|Any CPU
		{55274C88-B6F5-4396-A02B-7FE60ED0EF67}.Release|Any CPU.Build.0 = Release|Any CPU
		{55274C88-B6F5-4396-A02B-7FE60ED0EF67}.Release|x64.ActiveCfg = Release|Any CPU
		{55274C88-B6F5-4396-A02B-7FE60ED0EF67}.Release|x64.Build.0 = Release|Any CPU
		{55274C88-B6F5-4396-A02B-7FE60ED0EF67}.Release|x86.ActiveCfg = Release|Any CPU
		{55274C88-B6F5-4396-A02B-7FE60ED0EF67}.Release|x86.Build.0 = Release|Any CPU
		{DCA0ECFE-D20C-4442-A421-3BB78B0DEF73}.Debug|Any CPU.ActiveCfg = Debug|Any CPU
		{DCA0ECFE-D20C-4442-A421-3BB78B0DEF73}.Debug|Any CPU.Build.0 = Debug|Any CPU
		{DCA0ECFE-D20C-4442-A421-3BB78B0DEF73}.Debug|x64.ActiveCfg = Debug|Any CPU
		{DCA0ECFE-D20C-4442-A421-3BB78B0DEF73}.Debug|x64.Build.0 = Debug|Any CPU
		{DCA0ECFE-D20C-4442-A421-3BB78B0DEF73}.Debug|x86.ActiveCfg = Debug|Any CPU
		{DCA0ECFE-D20C-4442-A421-3BB78B0DEF73}.Debug|x86.Build.0 = Debug|Any CPU
		{DCA0ECFE-D20C-4442-A421-3BB78B0DEF73}.Release|Any CPU.ActiveCfg = Release|Any CPU
		{DCA0ECFE-D20C-4442-A421-3BB78B0DEF73}.Release|Any CPU.Build.0 = Release|Any CPU
		{DCA0ECFE-D20C-4442-A421-3BB78B0DEF73}.Release|x64.ActiveCfg = Release|Any CPU
		{DCA0ECFE-D20C-4442-A421-3BB78B0DEF73}.Release|x64.Build.0 = Release|Any CPU
		{DCA0ECFE-D20C-4442-A421-3BB78B0DEF73}.Release|x86.ActiveCfg = Release|Any CPU
		{DCA0ECFE-D20C-4442-A421-3BB78B0DEF73}.Release|x86.Build.0 = Release|Any CPU
		{0BD14D9C-C694-4B01-997C-06C0BCCDC22F}.Debug|Any CPU.ActiveCfg = Debug|Any CPU
		{0BD14D9C-C694-4B01-997C-06C0BCCDC22F}.Debug|Any CPU.Build.0 = Debug|Any CPU
		{0BD14D9C-C694-4B01-997C-06C0BCCDC22F}.Debug|x64.ActiveCfg = Debug|Any CPU
		{0BD14D9C-C694-4B01-997C-06C0BCCDC22F}.Debug|x64.Build.0 = Debug|Any CPU
		{0BD14D9C-C694-4B01-997C-06C0BCCDC22F}.Debug|x86.ActiveCfg = Debug|Any CPU
		{0BD14D9C-C694-4B01-997C-06C0BCCDC22F}.Debug|x86.Build.0 = Debug|Any CPU
		{0BD14D9C-C694-4B01-997C-06C0BCCDC22F}.Release|Any CPU.ActiveCfg = Release|Any CPU
		{0BD14D9C-C694-4B01-997C-06C0BCCDC22F}.Release|Any CPU.Build.0 = Release|Any CPU
		{0BD14D9C-C694-4B01-997C-06C0BCCDC22F}.Release|x64.ActiveCfg = Release|Any CPU
		{0BD14D9C-C694-4B01-997C-06C0BCCDC22F}.Release|x64.Build.0 = Release|Any CPU
		{0BD14D9C-C694-4B01-997C-06C0BCCDC22F}.Release|x86.ActiveCfg = Release|Any CPU
		{0BD14D9C-C694-4B01-997C-06C0BCCDC22F}.Release|x86.Build.0 = Release|Any CPU
		{0A0CA33A-4A07-4A64-934B-43D9E10C39A1}.Debug|Any CPU.ActiveCfg = Debug|Any CPU
		{0A0CA33A-4A07-4A64-934B-43D9E10C39A1}.Debug|Any CPU.Build.0 = Debug|Any CPU
		{0A0CA33A-4A07-4A64-934B-43D9E10C39A1}.Debug|x64.ActiveCfg = Debug|Any CPU
		{0A0CA33A-4A07-4A64-934B-43D9E10C39A1}.Debug|x64.Build.0 = Debug|Any CPU
		{0A0CA33A-4A07-4A64-934B-43D9E10C39A1}.Debug|x86.ActiveCfg = Debug|Any CPU
		{0A0CA33A-4A07-4A64-934B-43D9E10C39A1}.Debug|x86.Build.0 = Debug|Any CPU
		{0A0CA33A-4A07-4A64-934B-43D9E10C39A1}.Release|Any CPU.ActiveCfg = Release|Any CPU
		{0A0CA33A-4A07-4A64-934B-43D9E10C39A1}.Release|Any CPU.Build.0 = Release|Any CPU
		{0A0CA33A-4A07-4A64-934B-43D9E10C39A1}.Release|x64.ActiveCfg = Release|Any CPU
		{0A0CA33A-4A07-4A64-934B-43D9E10C39A1}.Release|x64.Build.0 = Release|Any CPU
		{0A0CA33A-4A07-4A64-934B-43D9E10C39A1}.Release|x86.ActiveCfg = Release|Any CPU
		{0A0CA33A-4A07-4A64-934B-43D9E10C39A1}.Release|x86.Build.0 = Release|Any CPU
		{85A285D2-F70E-439D-B601-CC08BFC165BA}.Debug|Any CPU.ActiveCfg = Debug|Any CPU
		{85A285D2-F70E-439D-B601-CC08BFC165BA}.Debug|Any CPU.Build.0 = Debug|Any CPU
		{85A285D2-F70E-439D-B601-CC08BFC165BA}.Debug|x64.ActiveCfg = Debug|Any CPU
		{85A285D2-F70E-439D-B601-CC08BFC165BA}.Debug|x64.Build.0 = Debug|Any CPU
		{85A285D2-F70E-439D-B601-CC08BFC165BA}.Debug|x86.ActiveCfg = Debug|Any CPU
		{85A285D2-F70E-439D-B601-CC08BFC165BA}.Debug|x86.Build.0 = Debug|Any CPU
		{85A285D2-F70E-439D-B601-CC08BFC165BA}.Release|Any CPU.ActiveCfg = Release|Any CPU
		{85A285D2-F70E-439D-B601-CC08BFC165BA}.Release|Any CPU.Build.0 = Release|Any CPU
		{85A285D2-F70E-439D-B601-CC08BFC165BA}.Release|x64.ActiveCfg = Release|Any CPU
		{85A285D2-F70E-439D-B601-CC08BFC165BA}.Release|x64.Build.0 = Release|Any CPU
		{85A285D2-F70E-439D-B601-CC08BFC165BA}.Release|x86.ActiveCfg = Release|Any CPU
		{85A285D2-F70E-439D-B601-CC08BFC165BA}.Release|x86.Build.0 = Release|Any CPU
	EndGlobalSection
	GlobalSection(SolutionProperties) = preSolution
		HideSolutionNode = FALSE
	EndGlobalSection
EndGlobal
